
Microsoft Visual Studio Solution File, Format Version 12.00
# Visual Studio Version 17
VisualStudioVersion = 17.14.35906.104 d17.14
MinimumVisualStudioVersion = 10.0.40219.1
Project("{FAE04EC0-301F-11D3-BF4B-00C04F79EFBC}") = "Task 1", "Task 1\Task 1.csproj", "{773F007F-F088-49E3-814C-136A974030F3}"
EndProject
Project("{FAE04EC0-301F-11D3-BF4B-00C04F79EFBC}") = "Task 2", "Task 2\Task 2.csproj", "{014203E7-9B47-4C95-954F-3075728E1029}"
EndProject
Project("{FAE04EC0-301F-11D3-BF4B-00C04F79EFBC}") = "Task 3", "Task 3\Task 3.csproj", "{261584EA-9806-4548-BD97-00E628735279}"
EndProject
Project("{FAE04EC0-301F-11D3-BF4B-00C04F79EFBC}") = "Task 4", "Task 4\Task 4.csproj", "{5CB380DA-4176-42AC-AEA8-9D516789A7CB}"
EndProject
Global
	GlobalSection(SolutionConfigurationPlatforms) = preSolution
		Debug|Any CPU = Debug|Any CPU
		Release|Any CPU = Release|Any CPU
	EndGlobalSection
	GlobalSection(ProjectConfigurationPlatforms) = postSolution
		{773F007F-F088-49E3-814C-136A974030F3}.Debug|Any CPU.ActiveCfg = Debug|Any CPU
		{773F007F-F088-49E3-814C-136A974030F3}.Debug|Any CPU.Build.0 = Debug|Any CPU
		{773F007F-F088-49E3-814C-136A974030F3}.Release|Any CPU.ActiveCfg = Release|Any CPU
		{773F007F-F088-49E3-814C-136A974030F3}.Release|Any CPU.Build.0 = Release|Any CPU
		{014203E7-9B47-4C95-954F-3075728E1029}.Debug|Any CPU.ActiveCfg = Debug|Any CPU
		{014203E7-9B47-4C95-954F-3075728E1029}.Debug|Any CPU.Build.0 = Debug|Any CPU
		{014203E7-9B47-4C95-954F-3075728E1029}.Release|Any CPU.ActiveCfg = Release|Any CPU
		{014203E7-9B47-4C95-954F-3075728E1029}.Release|Any CPU.Build.0 = Release|Any CPU
		{261584EA-9806-4548-BD97-00E628735279}.Debug|Any CPU.ActiveCfg = Debug|Any CPU
		{261584EA-9806-4548-BD97-00E628735279}.Debug|Any CPU.Build.0 = Debug|Any CPU
		{261584EA-9806-4548-BD97-00E628735279}.Release|Any CPU.ActiveCfg = Release|Any CPU
		{261584EA-9806-4548-BD97-00E628735279}.Release|Any CPU.Build.0 = Release|Any CPU
		{5CB380DA-4176-42AC-AEA8-9D516789A7CB}.Debug|Any CPU.ActiveCfg = Debug|Any CPU
		{5CB380DA-4176-42AC-AEA8-9D516789A7CB}.Debug|Any CPU.Build.0 = Debug|Any CPU
		{5CB380DA-4176-42AC-AEA8-9D516789A7CB}.Release|Any CPU.ActiveCfg = Release|Any CPU
		{5CB380DA-4176-42AC-AEA8-9D516789A7CB}.Release|Any CPU.Build.0 = Release|Any CPU
	EndGlobalSection
	GlobalSection(SolutionProperties) = preSolution
		HideSolutionNode = FALSE
	EndGlobalSection
	GlobalSection(ExtensibilityGlobals) = postSolution
		SolutionGuid = {373BAFF3-5B67-4619-9B29-E2CB35E68972}
	EndGlobalSection
EndGlobal
